
Microsoft Visual Studio Solution File, Format Version 10.00
# Visual Studio 2008
Project("{2150E333-8FDC-42A3-9474-1A3956D46DE8}") = "Tests", "Tests", "{7CDD2BA7-5412-43D2-90B6-A7448DC243C5}"
EndProject
Project("{2150E333-8FDC-42A3-9474-1A3956D46DE8}") = "Src", "Src", "{F86F81DB-D537-4EE9-9806-8396218EBAD1}"
EndProject
Project("{FAE04EC0-301F-11D3-BF4B-00C04F79EFBC}") = "Core", "Src\Core\Core.csproj", "{10D53F8B-EBC1-494D-9A4A-99139434E40B}"
EndProject
Project("{FAE04EC0-301F-11D3-BF4B-00C04F79EFBC}") = "TestsCore", "Tests\Core\TestsCore.csproj", "{FB573771-540D-44AA-B2D2-05EE565A2124}"
EndProject
Project("{2150E333-8FDC-42A3-9474-1A3956D46DE8}") = "Samples", "Samples", "{1C90B500-4954-4855-8505-7AF4B5058FD2}"
EndProject
Project("{FAE04EC0-301F-11D3-BF4B-00C04F79EFBC}") = "SampleGUILister", "Samples\SampleGUILister\SampleGUILister.csproj", "{1C5DF20E-193D-4957-A2F4-F5119CBD825F}"
EndProject
Project("{FAE04EC0-301F-11D3-BF4B-00C04F79EFBC}") = "SampleGUIUnloader", "Samples\SampleGUIUnloader\SampleGUIUnloader.csproj", "{46DAD19E-74FD-4B7E-829F-51163D07447D}"
EndProject
Project("{FAE04EC0-301F-11D3-BF4B-00C04F79EFBC}") = "App", "Src\App\App.csproj", "{F9E83E24-FFB1-4FF9-A501-622E220967C8}"
EndProject
Project("{2150E333-8FDC-42A3-9474-1A3956D46DE8}") = "Other", "Other", "{23108114-947A-47FB-8AB0-C162F802CB97}"
EndProject
Project("{54435603-DBB4-11D2-8724-00A0C9A8B90C}") = "Installer", "Other\Installer\Installer.vdproj", "{7A5C9E9E-5643-4E92-9DA2-01526DFF9BBE}"
EndProject
Global
	GlobalSection(SolutionConfigurationPlatforms) = preSolution
		Debug|Any CPU = Debug|Any CPU
		Release|Any CPU = Release|Any CPU
	EndGlobalSection
	GlobalSection(ProjectConfigurationPlatforms) = postSolution
		{10D53F8B-EBC1-494D-9A4A-99139434E40B}.Debug|Any CPU.ActiveCfg = Debug|Any CPU
		{10D53F8B-EBC1-494D-9A4A-99139434E40B}.Debug|Any CPU.Build.0 = Debug|Any CPU
		{10D53F8B-EBC1-494D-9A4A-99139434E40B}.Release|Any CPU.ActiveCfg = Release|Any CPU
		{10D53F8B-EBC1-494D-9A4A-99139434E40B}.Release|Any CPU.Build.0 = Release|Any CPU
		{FB573771-540D-44AA-B2D2-05EE565A2124}.Debug|Any CPU.ActiveCfg = Debug|Any CPU
		{FB573771-540D-44AA-B2D2-05EE565A2124}.Debug|Any CPU.Build.0 = Debug|Any CPU
		{FB573771-540D-44AA-B2D2-05EE565A2124}.Release|Any CPU.ActiveCfg = Release|Any CPU
		{1C5DF20E-193D-4957-A2F4-F5119CBD825F}.Debug|Any CPU.ActiveCfg = Debug|Any CPU
		{1C5DF20E-193D-4957-A2F4-F5119CBD825F}.Debug|Any CPU.Build.0 = Debug|Any CPU
		{1C5DF20E-193D-4957-A2F4-F5119CBD825F}.Release|Any CPU.ActiveCfg = Release|Any CPU
		{46DAD19E-74FD-4B7E-829F-51163D07447D}.Debug|Any CPU.ActiveCfg = Debug|Any CPU
		{46DAD19E-74FD-4B7E-829F-51163D07447D}.Debug|Any CPU.Build.0 = Debug|Any CPU
		{46DAD19E-74FD-4B7E-829F-51163D07447D}.Release|Any CPU.ActiveCfg = Release|Any CPU
		{F9E83E24-FFB1-4FF9-A501-622E220967C8}.Debug|Any CPU.ActiveCfg = Debug|Any CPU
		{F9E83E24-FFB1-4FF9-A501-622E220967C8}.Debug|Any CPU.Build.0 = Debug|Any CPU
		{F9E83E24-FFB1-4FF9-A501-622E220967C8}.Release|Any CPU.ActiveCfg = Release|Any CPU
		{F9E83E24-FFB1-4FF9-A501-622E220967C8}.Release|Any CPU.Build.0 = Release|Any CPU
		{7A5C9E9E-5643-4E92-9DA2-01526DFF9BBE}.Debug|Any CPU.ActiveCfg = Debug
		{7A5C9E9E-5643-4E92-9DA2-01526DFF9BBE}.Release|Any CPU.ActiveCfg = Release
		{7A5C9E9E-5643-4E92-9DA2-01526DFF9BBE}.Release|Any CPU.Build.0 = Release
	EndGlobalSection
	GlobalSection(SolutionProperties) = preSolution
		HideSolutionNode = FALSE
	EndGlobalSection
	GlobalSection(NestedProjects) = preSolution
		{FB573771-540D-44AA-B2D2-05EE565A2124} = {7CDD2BA7-5412-43D2-90B6-A7448DC243C5}
		{10D53F8B-EBC1-494D-9A4A-99139434E40B} = {F86F81DB-D537-4EE9-9806-8396218EBAD1}
		{F9E83E24-FFB1-4FF9-A501-622E220967C8} = {F86F81DB-D537-4EE9-9806-8396218EBAD1}
		{1C5DF20E-193D-4957-A2F4-F5119CBD825F} = {1C90B500-4954-4855-8505-7AF4B5058FD2}
		{46DAD19E-74FD-4B7E-829F-51163D07447D} = {1C90B500-4954-4855-8505-7AF4B5058FD2}
		{7A5C9E9E-5643-4E92-9DA2-01526DFF9BBE} = {1C90B500-4954-4855-8505-7AF4B5058FD2}
	EndGlobalSection
EndGlobal
